
Microsoft Visual Studio Solution File, Format Version 12.00
# Visual Studio Version 16
VisualStudioVersion = 16.0.30804.86
MinimumVisualStudioVersion = 10.0.40219.1
Project("{9A19103F-16F7-4668-BE54-9A1E7A4F7556}") = "Minesweeper_ClassLibrary", "Minesweeper_ClassLibrary\Minesweeper_ClassLibrary.csproj", "{E94B3EB8-16A5-4793-920C-71060C13AE50}"
EndProject
Project("{FAE04EC0-301F-11D3-BF4B-00C04F79EFBC}") = "Minesweeper_ConsoleApp", "Minesweeper_ConsoleApp\Minesweeper_ConsoleApp.csproj", "{DBCFE10F-015B-4E69-BAAE-66382AEE287F}"
EndProject
Project("{FAE04EC0-301F-11D3-BF4B-00C04F79EFBC}") = "Minesweeper_WindowsFormsApp", "Minesweeper_WindowsFormsApp\Minesweeper_WindowsFormsApp.csproj", "{98A42A15-C16E-45CE-B4BC-C05D04E82F1F}"
EndProject
Global
	GlobalSection(SolutionConfigurationPlatforms) = preSolution
		Debug|Any CPU = Debug|Any CPU
		Release|Any CPU = Release|Any CPU
	EndGlobalSection
	GlobalSection(ProjectConfigurationPlatforms) = postSolution
		{E94B3EB8-16A5-4793-920C-71060C13AE50}.Debug|Any CPU.ActiveCfg = Debug|Any CPU
		{E94B3EB8-16A5-4793-920C-71060C13AE50}.Debug|Any CPU.Build.0 = Debug|Any CPU
		{E94B3EB8-16A5-4793-920C-71060C13AE50}.Release|Any CPU.ActiveCfg = Release|Any CPU
		{E94B3EB8-16A5-4793-920C-71060C13AE50}.Release|Any CPU.Build.0 = Release|Any CPU
		{DBCFE10F-015B-4E69-BAAE-66382AEE287F}.Debug|Any CPU.ActiveCfg = Debug|Any CPU
		{DBCFE10F-015B-4E69-BAAE-66382AEE287F}.Debug|Any CPU.Build.0 = Debug|Any CPU
		{DBCFE10F-015B-4E69-BAAE-66382AEE287F}.Release|Any CPU.ActiveCfg = Release|Any CPU
		{DBCFE10F-015B-4E69-BAAE-66382AEE287F}.Release|Any CPU.Build.0 = Release|Any CPU
		{98A42A15-C16E-45CE-B4BC-C05D04E82F1F}.Debug|Any CPU.ActiveCfg = Debug|Any CPU
		{98A42A15-C16E-45CE-B4BC-C05D04E82F1F}.Debug|Any CPU.Build.0 = Debug|Any CPU
		{98A42A15-C16E-45CE-B4BC-C05D04E82F1F}.Release|Any CPU.ActiveCfg = Release|Any CPU
		{98A42A15-C16E-45CE-B4BC-C05D04E82F1F}.Release|Any CPU.Build.0 = Release|Any CPU
	EndGlobalSection
	GlobalSection(SolutionProperties) = preSolution
		HideSolutionNode = FALSE
	EndGlobalSection
	GlobalSection(ExtensibilityGlobals) = postSolution
		SolutionGuid = {AD052A2D-3DB0-43DE-AE4B-413AA3315065}
	EndGlobalSection
EndGlobal
